<?xml version="1.0" encoding="utf-8"?>
<Project ToolsVersion="4.0" xmlns="http://schemas.microsoft.com/developer/msbuild/2003">
  <ItemGroup>
    <Filter Include="Kaynak Dosyalar">
      <UniqueIdentifier>{4FC737F1-C7A5-4376-A066-2A32D752A2FF}</UniqueIdentifier>
      <Extensions>cpp;c;cc;cxx;c++;cppm;ixx;def;odl;idl;hpj;bat;asm;asmx</Extensions>
    </Filter>
    <Filter Include="Üst Bilgi Dosyaları">
      <UniqueIdentifier>{93995380-89BD-4b04-88EB-625FBE52EBFB}</UniqueIdentifier>
      <Extensions>h;hh;hpp;hxx;h++;hm;inl;inc;ipp;xsd</Extensions>
    </Filter>
    <Filter Include="Kaynak Dosyaları">
      <UniqueIdentifier>{67DA6AB6-F800-4c08-8B7A-83BB121AAD01}</UniqueIdentifier>
      <Extensions>rc;ico;cur;bmp;dlg;rc2;rct;bin;rgs;gif;jpg;jpeg;jpe;resx;tiff;tif;png;wav;mfcribbon-ms</Extensions>
    </Filter>
    <Filter Include="Menu">
      <UniqueIdentifier>{03984646-8e1d-4f8c-a1f3-69e6764af1e7}</UniqueIdentifier>
    </Filter>
  </ItemGroup>
  <ItemGroup>
    <ClInclude Include="draw.h">
      <Filter>Üst Bilgi Dosyaları</Filter>
    </ClInclude>
    <ClInclude Include="hook.h">
      <Filter>Üst Bilgi Dosyaları</Filter>
    </ClInclude>
    <ClInclude Include="menu.h">
      <Filter>Üst Bilgi Dosyaları</Filter>
    </ClInclude>
    <ClInclude Include="stdafx.h">
      <Filter>Üst Bilgi Dosyaları</Filter>
    </ClInclude>
    <ClInclude Include="targetver.h">
      <Filter>Üst Bilgi Dosyaları</Filter>
    </ClInclude>
    <ClInclude Include="OSDERDA.h">
      <Filter>Üst Bilgi Dosyaları</Filter>
    </ClInclude>
    <ClInclude Include="x64\ImGui\imconfig.h">
      <Filter>Menu</Filter>
    </ClInclude>
    <ClInclude Include="x64\ImGui\imgui.h">
      <Filter>Menu</Filter>
    </ClInclude>
    <ClInclude Include="x64\ImGui\imgui_impl_dx9.h">
      <Filter>Menu</Filter>
    </ClInclude>
    <ClInclude Include="x64\ImGui\imgui_impl_win32.h">
      <Filter>Menu</Filter>
    </ClInclude>
    <ClInclude Include="x64\ImGui\imgui_internal.h">
      <Filter>Menu</Filter>
    </ClInclude>
    <ClInclude Include="x64\ImGui\imstb_rectpack.h">
      <Filter>Menu</Filter>
    </ClInclude>
    <ClInclude Include="x64\ImGui\imstb_textedit.h">
      <Filter>Menu</Filter>
    </ClInclude>
    <ClInclude Include="x64\ImGui\imstb_truetype.h">
      <Filter>Menu</Filter>
    </ClInclude>
    <ClInclude Include="x64\ImGui\imgui_impl_dx10.h">
      <Filter>Menu</Filter>
    </ClInclude>
  </ItemGroup>
  <ItemGroup>
    <ClCompile Include="dllmain.cpp">
      <Filter>Kaynak Dosyalar</Filter>
    </ClCompile>
    <ClCompile Include="stdafx.cpp">
      <Filter>Kaynak Dosyalar</Filter>
    </ClCompile>
    <ClCompile Include="x64\ImGui\imgui.cpp">
      <Filter>Menu</Filter>
    </ClCompile>
    <ClCompile Include="x64\ImGui\imgui_demo.cpp">
      <Filter>Menu</Filter>
    </ClCompile>
    <ClCompile Include="x64\ImGui\imgui_draw.cpp">
      <Filter>Menu</Filter>
    </ClCompile>
    <ClCompile Include="x64\ImGui\imgui_impl_dx9.cpp">
      <Filter>Menu</Filter>
    </ClCompile>
    <ClCompile Include="x64\ImGui\imgui_impl_win32.cpp">
      <Filter>Menu</Filter>
    </ClCompile>
    <ClCompile Include="x64\ImGui\imgui_tables.cpp">
      <Filter>Menu</Filter>
    </ClCompile>
    <ClCompile Include="x64\ImGui\imgui_widgets.cpp">
      <Filter>Menu</Filter>
    </ClCompile>
    <ClCompile Include="x64\ImGui\imgui_impl_dx10.cpp">
      <Filter>Menu</Filter>
    </ClCompile>
  </ItemGroup>
</Project>